// !$*UTF8*$!
{
	archiveVersion = 1;
	classes = {
	};
	objectVersion = 50;
	objects = {

/* Begin PBXBuildFile section */
		D043C7F92182FB6B00F9701C /* AppDelegate.swift in Sources */ = {isa = PBXBuildFile; fileRef = D043C7F82182FB6B00F9701C /* AppDelegate.swift */; };
		D043C7FE2182FB6B00F9701C /* Main.storyboard in Resources */ = {isa = PBXBuildFile; fileRef = D043C7FC2182FB6B00F9701C /* Main.storyboard */; };
		D043C8002182FB6F00F9701C /* Assets.xcassets in Resources */ = {isa = PBXBuildFile; fileRef = D043C7FF2182FB6F00F9701C /* Assets.xcassets */; };
		D043C8032182FB6F00F9701C /* LaunchScreen.storyboard in Resources */ = {isa = PBXBuildFile; fileRef = D043C8012182FB6F00F9701C /* LaunchScreen.storyboard */; };
		D043C80B2182FD0800F9701C /* PostsTableViewController.swift in Sources */ = {isa = PBXBuildFile; fileRef = D043C80A2182FD0800F9701C /* PostsTableViewController.swift */; };
		D043C80D2182FECF00F9701C /* ServerManager.swift in Sources */ = {isa = PBXBuildFile; fileRef = D043C80C2182FECF00F9701C /* ServerManager.swift */; };
		D043C8292183102A00F9701C /* BaseRequest.swift in Sources */ = {isa = PBXBuildFile; fileRef = D043C8222183102A00F9701C /* BaseRequest.swift */; };
		D043C82A2183102A00F9701C /* BaseRequestModel.swift in Sources */ = {isa = PBXBuildFile; fileRef = D043C8232183102A00F9701C /* BaseRequestModel.swift */; };
		D043C82B2183102A00F9701C /* BaseResponseModel.swift in Sources */ = {isa = PBXBuildFile; fileRef = D043C8242183102A00F9701C /* BaseResponseModel.swift */; };
		D043C82C2183102A00F9701C /* FetchPostsRequest.swift in Sources */ = {isa = PBXBuildFile; fileRef = D043C8262183102A00F9701C /* FetchPostsRequest.swift */; };
		D043C82D2183102A00F9701C /* FetchPostsRequestModel.swift in Sources */ = {isa = PBXBuildFile; fileRef = D043C8272183102A00F9701C /* FetchPostsRequestModel.swift */; };
		D043C82E2183102A00F9701C /* FetchPostsResponseModel.swift in Sources */ = {isa = PBXBuildFile; fileRef = D043C8282183102A00F9701C /* FetchPostsResponseModel.swift */; };
		D043C8312183113400F9701C /* PagingHelper.swift in Sources */ = {isa = PBXBuildFile; fileRef = D043C8302183113400F9701C /* PagingHelper.swift */; };
		D043C8352183129900F9701C /* PostModel.swift in Sources */ = {isa = PBXBuildFile; fileRef = D043C8342183129900F9701C /* PostModel.swift */; };
		D043C838218312E800F9701C /* Extensions.swift in Sources */ = {isa = PBXBuildFile; fileRef = D043C837218312E800F9701C /* Extensions.swift */; };
		D043C83E2183133800F9701C /* PostTableViewCell.swift in Sources */ = {isa = PBXBuildFile; fileRef = D043C83C2183133800F9701C /* PostTableViewCell.swift */; };
		D043C83F2183133800F9701C /* PostTableViewCell.xib in Resources */ = {isa = PBXBuildFile; fileRef = D043C83D2183133800F9701C /* PostTableViewCell.xib */; };
/* End PBXBuildFile section */

/* Begin PBXFileReference section */
		D043C7F52182FB6B00F9701C /* EngineerAITestTask.app */ = {isa = PBXFileReference; explicitFileType = wrapper.application; includeInIndex = 0; path = EngineerAITestTask.app; sourceTree = BUILT_PRODUCTS_DIR; };
		D043C7F82182FB6B00F9701C /* AppDelegate.swift */ = {isa = PBXFileReference; lastKnownFileType = sourcecode.swift; path = AppDelegate.swift; sourceTree = "<group>"; };
		D043C7FD2182FB6B00F9701C /* Base */ = {isa = PBXFileReference; lastKnownFileType = file.storyboard; name = Base; path = Base.lproj/Main.storyboard; sourceTree = "<group>"; };
		D043C7FF2182FB6F00F9701C /* Assets.xcassets */ = {isa = PBXFileReference; lastKnownFileType = folder.assetcatalog; path = Assets.xcassets; sourceTree = "<group>"; };
		D043C8022182FB6F00F9701C /* Base */ = {isa = PBXFileReference; lastKnownFileType = file.storyboard; name = Base; path = Base.lproj/LaunchScreen.storyboard; sourceTree = "<group>"; };
		D043C8042182FB6F00F9701C /* Info.plist */ = {isa = PBXFileReference; lastKnownFileType = text.plist.xml; path = Info.plist; sourceTree = "<group>"; };
		D043C80A2182FD0800F9701C /* PostsTableViewController.swift */ = {isa = PBXFileReference; lastKnownFileType = sourcecode.swift; path = PostsTableViewController.swift; sourceTree = "<group>"; };
		D043C80C2182FECF00F9701C /* ServerManager.swift */ = {isa = PBXFileReference; lastKnownFileType = sourcecode.swift; path = ServerManager.swift; sourceTree = "<group>"; };
		D043C8222183102A00F9701C /* BaseRequest.swift */ = {isa = PBXFileReference; fileEncoding = 4; lastKnownFileType = sourcecode.swift; path = BaseRequest.swift; sourceTree = "<group>"; };
		D043C8232183102A00F9701C /* BaseRequestModel.swift */ = {isa = PBXFileReference; fileEncoding = 4; lastKnownFileType = sourcecode.swift; path = BaseRequestModel.swift; sourceTree = "<group>"; };
		D043C8242183102A00F9701C /* BaseResponseModel.swift */ = {isa = PBXFileReference; fileEncoding = 4; lastKnownFileType = sourcecode.swift; path = BaseResponseModel.swift; sourceTree = "<group>"; };
		D043C8262183102A00F9701C /* FetchPostsRequest.swift */ = {isa = PBXFileReference; fileEncoding = 4; lastKnownFileType = sourcecode.swift; path = FetchPostsRequest.swift; sourceTree = "<group>"; };
		D043C8272183102A00F9701C /* FetchPostsRequestModel.swift */ = {isa = PBXFileReference; fileEncoding = 4; lastKnownFileType = sourcecode.swift; path = FetchPostsRequestModel.swift; sourceTree = "<group>"; };
		D043C8282183102A00F9701C /* FetchPostsResponseModel.swift */ = {isa = PBXFileReference; fileEncoding = 4; lastKnownFileType = sourcecode.swift; path = FetchPostsResponseModel.swift; sourceTree = "<group>"; };
		D043C8302183113400F9701C /* PagingHelper.swift */ = {isa = PBXFileReference; fileEncoding = 4; lastKnownFileType = sourcecode.swift; path = PagingHelper.swift; sourceTree = "<group>"; };
		D043C8342183129900F9701C /* PostModel.swift */ = {isa = PBXFileReference; lastKnownFileType = sourcecode.swift; path = PostModel.swift; sourceTree = "<group>"; };
		D043C837218312E800F9701C /* Extensions.swift */ = {isa = PBXFileReference; lastKnownFileType = sourcecode.swift; path = Extensions.swift; sourceTree = "<group>"; };
		D043C83C2183133800F9701C /* PostTableViewCell.swift */ = {isa = PBXFileReference; fileEncoding = 4; lastKnownFileType = sourcecode.swift; path = PostTableViewCell.swift; sourceTree = "<group>"; };
		D043C83D2183133800F9701C /* PostTableViewCell.xib */ = {isa = PBXFileReference; fileEncoding = 4; lastKnownFileType = file.xib; path = PostTableViewCell.xib; sourceTree = "<group>"; };
/* End PBXFileReference section */

/* Begin PBXFrameworksBuildPhase section */
		D043C7F22182FB6B00F9701C /* Frameworks */ = {
			isa = PBXFrameworksBuildPhase;
			buildActionMask = 2147483647;
			files = (
			);
			runOnlyForDeploymentPostprocessing = 0;
		};
/* End PBXFrameworksBuildPhase section */

/* Begin PBXGroup section */
		D043C7EC2182FB6B00F9701C = {
			isa = PBXGroup;
			children = (
				D043C7F72182FB6B00F9701C /* EngineerAITestTask */,
				D043C7F62182FB6B00F9701C /* Products */,
			);
			sourceTree = "<group>";
		};
		D043C7F62182FB6B00F9701C /* Products */ = {
			isa = PBXGroup;
			children = (
				D043C7F52182FB6B00F9701C /* EngineerAITestTask.app */,
			);
			name = Products;
			sourceTree = "<group>";
		};
		D043C7F72182FB6B00F9701C /* EngineerAITestTask */ = {
			isa = PBXGroup;
			children = (
				D043C7F82182FB6B00F9701C /* AppDelegate.swift */,
				D043C8392183131B00F9701C /* Views */,
				D043C81221830FCE00F9701C /* ServerManager */,
				D043C8322183118C00F9701C /* Controllers */,
				D043C8332183128A00F9701C /* Models */,
				D043C836218312C400F9701C /* Helpers */,
				D043C7FF2182FB6F00F9701C /* Assets.xcassets */,
				D043C8042182FB6F00F9701C /* Info.plist */,
			);
			path = EngineerAITestTask;
			sourceTree = "<group>";
		};
		D043C81221830FCE00F9701C /* ServerManager */ = {
			isa = PBXGroup;
			children = (
				D043C82F2183113400F9701C /* Paging */,
				D043C8212183102A00F9701C /* Base */,
				D043C8252183102A00F9701C /* Post */,
				D043C80C2182FECF00F9701C /* ServerManager.swift */,
			);
			path = ServerManager;
			sourceTree = "<group>";
		};
		D043C8212183102A00F9701C /* Base */ = {
			isa = PBXGroup;
			children = (
				D043C8222183102A00F9701C /* BaseRequest.swift */,
				D043C8232183102A00F9701C /* BaseRequestModel.swift */,
				D043C8242183102A00F9701C /* BaseResponseModel.swift */,
			);
			name = Base;
			path = "../../../../Downloads/TestEngineer-master/TestEngineer/TestEngineer/Services/NetworkManager/Base";
			sourceTree = "<group>";
		};
		D043C8252183102A00F9701C /* Post */ = {
			isa = PBXGroup;
			children = (
				D043C8262183102A00F9701C /* FetchPostsRequest.swift */,
				D043C8272183102A00F9701C /* FetchPostsRequestModel.swift */,
				D043C8282183102A00F9701C /* FetchPostsResponseModel.swift */,
			);
			name = Post;
			path = "../../../../Downloads/TestEngineer-master/TestEngineer/TestEngineer/Services/NetworkManager/Post";
			sourceTree = "<group>";
		};
		D043C82F2183113400F9701C /* Paging */ = {
			isa = PBXGroup;
			children = (
				D043C8302183113400F9701C /* PagingHelper.swift */,
			);
			path = Paging;
			sourceTree = "<group>";
		};
		D043C8322183118C00F9701C /* Controllers */ = {
			isa = PBXGroup;
			children = (
				D043C80A2182FD0800F9701C /* PostsTableViewController.swift */,
			);
			path = Controllers;
			sourceTree = "<group>";
		};
		D043C8332183128A00F9701C /* Models */ = {
			isa = PBXGroup;
			children = (
				D043C8342183129900F9701C /* PostModel.swift */,
			);
			path = Models;
			sourceTree = "<group>";
		};
		D043C836218312C400F9701C /* Helpers */ = {
			isa = PBXGroup;
			children = (
				D043C837218312E800F9701C /* Extensions.swift */,
			);
			path = Helpers;
			sourceTree = "<group>";
		};
		D043C8392183131B00F9701C /* Views */ = {
			isa = PBXGroup;
			children = (
				D043C8402183134400F9701C /* Storyboards */,
				D043C83A2183133800F9701C /* Cells */,
			);
			path = Views;
			sourceTree = "<group>";
		};
		D043C83A2183133800F9701C /* Cells */ = {
			isa = PBXGroup;
			children = (
				D043C83B2183133800F9701C /* Post */,
			);
			path = Cells;
			sourceTree = "<group>";
		};
		D043C83B2183133800F9701C /* Post */ = {
			isa = PBXGroup;
			children = (
				D043C83C2183133800F9701C /* PostTableViewCell.swift */,
				D043C83D2183133800F9701C /* PostTableViewCell.xib */,
			);
			path = Post;
			sourceTree = "<group>";
		};
		D043C8402183134400F9701C /* Storyboards */ = {
			isa = PBXGroup;
			children = (
				D043C7FC2182FB6B00F9701C /* Main.storyboard */,
				D043C8012182FB6F00F9701C /* LaunchScreen.storyboard */,
			);
			path = Storyboards;
			sourceTree = "<group>";
		};
/* End PBXGroup section */

/* Begin PBXNativeTarget section */
		D043C7F42182FB6B00F9701C /* EngineerAITestTask */ = {
			isa = PBXNativeTarget;
			buildConfigurationList = D043C8072182FB6F00F9701C /* Build configuration list for PBXNativeTarget "EngineerAITestTask" */;
			buildPhases = (
				D043C7F12182FB6B00F9701C /* Sources */,
				D043C7F22182FB6B00F9701C /* Frameworks */,
				D043C7F32182FB6B00F9701C /* Resources */,
			);
			buildRules = (
			);
			dependencies = (
			);
			name = EngineerAITestTask;
			productName = EngineerAITestTask;
			productReference = D043C7F52182FB6B00F9701C /* EngineerAITestTask.app */;
			productType = "com.apple.product-type.application";
		};
/* End PBXNativeTarget section */

/* Begin PBXProject section */
		D043C7ED2182FB6B00F9701C /* Project object */ = {
			isa = PBXProject;
			attributes = {
				LastSwiftUpdateCheck = 0940;
				LastUpgradeCheck = 0940;
				ORGANIZATIONNAME = CHI;
				TargetAttributes = {
					D043C7F42182FB6B00F9701C = {
						CreatedOnToolsVersion = 9.4.1;
					};
				};
			};
			buildConfigurationList = D043C7F02182FB6B00F9701C /* Build configuration list for PBXProject "EngineerAITestTask" */;
			compatibilityVersion = "Xcode 9.3";
			developmentRegion = en;
			hasScannedForEncodings = 0;
			knownRegions = (
				en,
				Base,
			);
			mainGroup = D043C7EC2182FB6B00F9701C;
			productRefGroup = D043C7F62182FB6B00F9701C /* Products */;
			projectDirPath = "";
			projectRoot = "";
			targets = (
				D043C7F42182FB6B00F9701C /* EngineerAITestTask */,
			);
		};
/* End PBXProject section */

/* Begin PBXResourcesBuildPhase section */
		D043C7F32182FB6B00F9701C /* Resources */ = {
			isa = PBXResourcesBuildPhase;
			buildActionMask = 2147483647;
			files = (
				D043C8032182FB6F00F9701C /* LaunchScreen.storyboard in Resources */,
				D043C8002182FB6F00F9701C /* Assets.xcassets in Resources */,
				D043C7FE2182FB6B00F9701C /* Main.storyboard in Resources */,
				D043C83F2183133800F9701C /* PostTableViewCell.xib in Resources */,
			);
			runOnlyForDeploymentPostprocessing = 0;
		};
/* End PBXResourcesBuildPhase section */

/* Begin PBXSourcesBuildPhase section */
		D043C7F12182FB6B00F9701C /* Sources */ = {
			isa = PBXSourcesBuildPhase;
			buildActionMask = 2147483647;
			files = (
				D043C82E2183102A00F9701C /* FetchPostsResponseModel.swift in Sources */,
				D043C8352183129900F9701C /* PostModel.swift in Sources */,
				D043C83E2183133800F9701C /* PostTableViewCell.swift in Sources */,
				D043C7F92182FB6B00F9701C /* AppDelegate.swift in Sources */,
				D043C82D2183102A00F9701C /* FetchPostsRequestModel.swift in Sources */,
				D043C8292183102A00F9701C /* BaseRequest.swift in Sources */,
				D043C82C2183102A00F9701C /* FetchPostsRequest.swift in Sources */,
				D043C8312183113400F9701C /* PagingHelper.swift in Sources */,
				D043C838218312E800F9701C /* Extensions.swift in Sources */,
				D043C82A2183102A00F9701C /* BaseRequestModel.swift in Sources */,
				D043C82B2183102A00F9701C /* BaseResponseModel.swift in Sources */,
				D043C80D2182FECF00F9701C /* ServerManager.swift in Sources */,
				D043C80B2182FD0800F9701C /* PostsTableViewController.swift in Sources */,
			);
			runOnlyForDeploymentPostprocessing = 0;
		};
/* End PBXSourcesBuildPhase section */

/* Begin PBXVariantGroup section */
		D043C7FC2182FB6B00F9701C /* Main.storyboard */ = {
			isa = PBXVariantGroup;
			children = (
				D043C7FD2182FB6B00F9701C /* Base */,
			);
			name = Main.storyboard;
			sourceTree = "<group>";
		};
		D043C8012182FB6F00F9701C /* LaunchScreen.storyboard */ = {
			isa = PBXVariantGroup;
			children = (
				D043C8022182FB6F00F9701C /* Base */,
			);
			name = LaunchScreen.storyboard;
			sourceTree = "<group>";
		};
/* End PBXVariantGroup section */

/* Begin XCBuildConfiguration section */
		D043C8052182FB6F00F9701C /* Debug */ = {
			isa = XCBuildConfiguration;
			buildSettings = {
				ALWAYS_SEARCH_USER_PATHS = NO;
				CLANG_ANALYZER_NONNULL = YES;
				CLANG_ANALYZER_NUMBER_OBJECT_CONVERSION = YES_AGGRESSIVE;
				CLANG_CXX_LANGUAGE_STANDARD = "gnu++14";
				CLANG_CXX_LIBRARY = "libc++";
				CLANG_ENABLE_MODULES = YES;
				CLANG_ENABLE_OBJC_ARC = YES;
				CLANG_ENABLE_OBJC_WEAK = YES;
				CLANG_WARN_BLOCK_CAPTURE_AUTORELEASING = YES;
				CLANG_WARN_BOOL_CONVERSION = YES;
				CLANG_WARN_COMMA = YES;
				CLANG_WARN_CONSTANT_CONVERSION = YES;
				CLANG_WARN_DEPRECATED_OBJC_IMPLEMENTATIONS = YES;
				CLANG_WARN_DIRECT_OBJC_ISA_USAGE = YES_ERROR;
				CLANG_WARN_DOCUMENTATION_COMMENTS = YES;
				CLANG_WARN_EMPTY_BODY = YES;
				CLANG_WARN_ENUM_CONVERSION = YES;
				CLANG_WARN_INFINITE_RECURSION = YES;
				CLANG_WARN_INT_CONVERSION = YES;
				CLANG_WARN_NON_LITERAL_NULL_CONVERSION = YES;
				CLANG_WARN_OBJC_IMPLICIT_RETAIN_SELF = YES;
				CLANG_WARN_OBJC_LITERAL_CONVERSION = YES;
				CLANG_WARN_OBJC_ROOT_CLASS = YES_ERROR;
				CLANG_WARN_RANGE_LOOP_ANALYSIS = YES;
				CLANG_WARN_STRICT_PROTOTYPES = YES;
				CLANG_WARN_SUSPICIOUS_MOVE = YES;
				CLANG_WARN_UNGUARDED_AVAILABILITY = YES_AGGRESSIVE;
				CLANG_WARN_UNREACHABLE_CODE = YES;
				CLANG_WARN__DUPLICATE_METHOD_MATCH = YES;
				CODE_SIGN_IDENTITY = "iPhone Developer";
				COPY_PHASE_STRIP = NO;
				DEBUG_INFORMATION_FORMAT = dwarf;
				ENABLE_STRICT_OBJC_MSGSEND = YES;
				ENABLE_TESTABILITY = YES;
				GCC_C_LANGUAGE_STANDARD = gnu11;
				GCC_DYNAMIC_NO_PIC = NO;
				GCC_NO_COMMON_BLOCKS = YES;
				GCC_OPTIMIZATION_LEVEL = 0;
				GCC_PREPROCESSOR_DEFINITIONS = (
					"DEBUG=1",
					"$(inherited)",
				);
				GCC_WARN_64_TO_32_BIT_CONVERSION = YES;
				GCC_WARN_ABOUT_RETURN_TYPE = YES_ERROR;
				GCC_WARN_UNDECLARED_SELECTOR = YES;
				GCC_WARN_UNINITIALIZED_AUTOS = YES_AGGRESSIVE;
				GCC_WARN_UNUSED_FUNCTION = YES;
				GCC_WARN_UNUSED_VARIABLE = YES;
				IPHONEOS_DEPLOYMENT_TARGET = 11.4;
				MTL_ENABLE_DEBUG_INFO = YES;
				ONLY_ACTIVE_ARCH = YES;
				SDKROOT = iphoneos;
				SWIFT_ACTIVE_COMPILATION_CONDITIONS = DEBUG;
				SWIFT_OPTIMIZATION_LEVEL = "-Onone";
			};
			name = Debug;
		};
		D043C8062182FB6F00F9701C /* Release */ = {
			isa = XCBuildConfiguration;
			buildSettings = {
				ALWAYS_SEARCH_USER_PATHS = NO;
				CLANG_ANALYZER_NONNULL = YES;
				CLANG_ANALYZER_NUMBER_OBJECT_CONVERSION = YES_AGGRESSIVE;
				CLANG_CXX_LANGUAGE_STANDARD = "gnu++14";
				CLANG_CXX_LIBRARY = "libc++";
				CLANG_ENABLE_MODULES = YES;
				CLANG_ENABLE_OBJC_ARC = YES;
				CLANG_ENABLE_OBJC_WEAK = YES;
				CLANG_WARN_BLOCK_CAPTURE_AUTORELEASING = YES;
				CLANG_WARN_BOOL_CONVERSION = YES;
				CLANG_WARN_COMMA = YES;
				CLANG_WARN_CONSTANT_CONVERSION = YES;
				CLANG_WARN_DEPRECATED_OBJC_IMPLEMENTATIONS = YES;
				CLANG_WARN_DIRECT_OBJC_ISA_USAGE = YES_ERROR;
				CLANG_WARN_DOCUMENTATION_COMMENTS = YES;
				CLANG_WARN_EMPTY_BODY = YES;
				CLANG_WARN_ENUM_CONVERSION = YES;
				CLANG_WARN_INFINITE_RECURSION = YES;
				CLANG_WARN_INT_CONVERSION = YES;
				CLANG_WARN_NON_LITERAL_NULL_CONVERSION = YES;
				CLANG_WARN_OBJC_IMPLICIT_RETAIN_SELF = YES;
				CLANG_WARN_OBJC_LITERAL_CONVERSION = YES;
				CLANG_WARN_OBJC_ROOT_CLASS = YES_ERROR;
				CLANG_WARN_RANGE_LOOP_ANALYSIS = YES;
				CLANG_WARN_STRICT_PROTOTYPES = YES;
				CLANG_WARN_SUSPICIOUS_MOVE = YES;
				CLANG_WARN_UNGUARDED_AVAILABILITY = YES_AGGRESSIVE;
				CLANG_WARN_UNREACHABLE_CODE = YES;
				CLANG_WARN__DUPLICATE_METHOD_MATCH = YES;
				CODE_SIGN_IDENTITY = "iPhone Developer";
				COPY_PHASE_STRIP = NO;
				DEBUG_INFORMATION_FORMAT = "dwarf-with-dsym";
				ENABLE_NS_ASSERTIONS = NO;
				ENABLE_STRICT_OBJC_MSGSEND = YES;
				GCC_C_LANGUAGE_STANDARD = gnu11;
				GCC_NO_COMMON_BLOCKS = YES;
				GCC_WARN_64_TO_32_BIT_CONVERSION = YES;
				GCC_WARN_ABOUT_RETURN_TYPE = YES_ERROR;
				GCC_WARN_UNDECLARED_SELECTOR = YES;
				GCC_WARN_UNINITIALIZED_AUTOS = YES_AGGRESSIVE;
				GCC_WARN_UNUSED_FUNCTION = YES;
				GCC_WARN_UNUSED_VARIABLE = YES;
				IPHONEOS_DEPLOYMENT_TARGET = 11.4;
				MTL_ENABLE_DEBUG_INFO = NO;
				SDKROOT = iphoneos;
				SWIFT_COMPILATION_MODE = wholemodule;
				SWIFT_OPTIMIZATION_LEVEL = "-O";
				VALIDATE_PRODUCT = YES;
			};
			name = Release;
		};
		D043C8082182FB6F00F9701C /* Debug */ = {
			isa = XCBuildConfiguration;
			buildSettings = {
				ASSETCATALOG_COMPILER_APPICON_NAME = AppIcon;
				CODE_SIGN_STYLE = Automatic;
				DEVELOPMENT_TEAM = 6K5N893X6D;
				INFOPLIST_FILE = EngineerAITestTask/Info.plist;
				LD_RUNPATH_SEARCH_PATHS = (
					"$(inherited)",
					"@executable_path/Frameworks",
				);
				PRODUCT_BUNDLE_IDENTIFIER = com.CHI.EngineerAITestTask;
				PRODUCT_NAME = "$(TARGET_NAME)";
				SWIFT_VERSION = 4.0;
				TARGETED_DEVICE_FAMILY = "1,2";
			};
			name = Debug;
		};
		D043C8092182FB6F00F9701C /* Release */ = {
			isa = XCBuildConfiguration;
			buildSettings = {
				ASSETCATALOG_COMPILER_APPICON_NAME = AppIcon;
				CODE_SIGN_STYLE = Automatic;
				DEVELOPMENT_TEAM = 6K5N893X6D;
				INFOPLIST_FILE = EngineerAITestTask/Info.plist;
				LD_RUNPATH_SEARCH_PATHS = (
					"$(inherited)",
					"@executable_path/Frameworks",
				);
				PRODUCT_BUNDLE_IDENTIFIER = com.CHI.EngineerAITestTask;
				PRODUCT_NAME = "$(TARGET_NAME)";
				SWIFT_VERSION = 4.0;
				TARGETED_DEVICE_FAMILY = "1,2";
			};
			name = Release;
		};
/* End XCBuildConfiguration section */

/* Begin XCConfigurationList section */
		D043C7F02182FB6B00F9701C /* Build configuration list for PBXProject "EngineerAITestTask" */ = {
			isa = XCConfigurationList;
			buildConfigurations = (
				D043C8052182FB6F00F9701C /* Debug */,
				D043C8062182FB6F00F9701C /* Release */,
			);
			defaultConfigurationIsVisible = 0;
			defaultConfigurationName = Release;
		};
		D043C8072182FB6F00F9701C /* Build configuration list for PBXNativeTarget "EngineerAITestTask" */ = {
			isa = XCConfigurationList;
			buildConfigurations = (
				D043C8082182FB6F00F9701C /* Debug */,
				D043C8092182FB6F00F9701C /* Release */,
			);
			defaultConfigurationIsVisible = 0;
			defaultConfigurationName = Release;
		};
/* End XCConfigurationList section */
	};
	rootObject = D043C7ED2182FB6B00F9701C /* Project object */;
}
